// !$*UTF8*$!
{
	archiveVersion = 1;
	classes = {
	};
	objectVersion = 51;
	objects = {

/* Begin PBXBuildFile section */
		5FB3C8DFB1F80CCF6DDB005B /* Pods_Projekt_HDiSED.framework in Frameworks */ = {isa = PBXBuildFile; fileRef = 3A54E175E9A120429F9C1458 /* Pods_Projekt_HDiSED.framework */; };
		F41B4202250A091E0098023C /* GoogleService-Info.plist in Resources */ = {isa = PBXBuildFile; fileRef = F41B4201250A091D0098023C /* GoogleService-Info.plist */; };
		F4C204042508B63800C79A9C /* AppDelegate.swift in Sources */ = {isa = PBXBuildFile; fileRef = F4C204032508B63800C79A9C /* AppDelegate.swift */; };
		F4C204062508B63800C79A9C /* SceneDelegate.swift in Sources */ = {isa = PBXBuildFile; fileRef = F4C204052508B63800C79A9C /* SceneDelegate.swift */; };
		F4C204082508B63800C79A9C /* ViewController.swift in Sources */ = {isa = PBXBuildFile; fileRef = F4C204072508B63800C79A9C /* ViewController.swift */; };
		F4C2040B2508B63800C79A9C /* Main.storyboard in Resources */ = {isa = PBXBuildFile; fileRef = F4C204092508B63800C79A9C /* Main.storyboard */; };
		F4C2040D2508B64A00C79A9C /* Assets.xcassets in Resources */ = {isa = PBXBuildFile; fileRef = F4C2040C2508B64A00C79A9C /* Assets.xcassets */; };
		F4C204102508B64B00C79A9C /* LaunchScreen.storyboard in Resources */ = {isa = PBXBuildFile; fileRef = F4C2040E2508B64B00C79A9C /* LaunchScreen.storyboard */; };
		F4C204182508C61600C79A9C /* StepData.swift in Sources */ = {isa = PBXBuildFile; fileRef = F4C204172508C61600C79A9C /* StepData.swift */; };
/* End PBXBuildFile section */

/* Begin PBXFileReference section */
		3A54E175E9A120429F9C1458 /* Pods_Projekt_HDiSED.framework */ = {isa = PBXFileReference; explicitFileType = wrapper.framework; includeInIndex = 0; path = Pods_Projekt_HDiSED.framework; sourceTree = BUILT_PRODUCTS_DIR; };
		71B0A92A2FD54692D00CEABA /* Pods-Projekt HDiSED.release.xcconfig */ = {isa = PBXFileReference; includeInIndex = 1; lastKnownFileType = text.xcconfig; name = "Pods-Projekt HDiSED.release.xcconfig"; path = "Target Support Files/Pods-Projekt HDiSED/Pods-Projekt HDiSED.release.xcconfig"; sourceTree = "<group>"; };
		937FC795F9C625E6568F3D95 /* Pods-Projekt HDiSED.debug.xcconfig */ = {isa = PBXFileReference; includeInIndex = 1; lastKnownFileType = text.xcconfig; name = "Pods-Projekt HDiSED.debug.xcconfig"; path = "Target Support Files/Pods-Projekt HDiSED/Pods-Projekt HDiSED.debug.xcconfig"; sourceTree = "<group>"; };
		F41B4201250A091D0098023C /* GoogleService-Info.plist */ = {isa = PBXFileReference; fileEncoding = 4; lastKnownFileType = text.plist.xml; path = "GoogleService-Info.plist"; sourceTree = "<group>"; };
		F4C204002508B63800C79A9C /* Projekt HDiSED.app */ = {isa = PBXFileReference; explicitFileType = wrapper.application; includeInIndex = 0; path = "Projekt HDiSED.app"; sourceTree = BUILT_PRODUCTS_DIR; };
		F4C204032508B63800C79A9C /* AppDelegate.swift */ = {isa = PBXFileReference; lastKnownFileType = sourcecode.swift; path = AppDelegate.swift; sourceTree = "<group>"; };
		F4C204052508B63800C79A9C /* SceneDelegate.swift */ = {isa = PBXFileReference; lastKnownFileType = sourcecode.swift; path = SceneDelegate.swift; sourceTree = "<group>"; };
		F4C204072508B63800C79A9C /* ViewController.swift */ = {isa = PBXFileReference; lastKnownFileType = sourcecode.swift; path = ViewController.swift; sourceTree = "<group>"; };
		F4C2040A2508B63800C79A9C /* Base */ = {isa = PBXFileReference; lastKnownFileType = file.storyboard; name = Base; path = Base.lproj/Main.storyboard; sourceTree = "<group>"; };
		F4C2040C2508B64A00C79A9C /* Assets.xcassets */ = {isa = PBXFileReference; lastKnownFileType = folder.assetcatalog; path = Assets.xcassets; sourceTree = "<group>"; };
		F4C2040F2508B64B00C79A9C /* Base */ = {isa = PBXFileReference; lastKnownFileType = file.storyboard; name = Base; path = Base.lproj/LaunchScreen.storyboard; sourceTree = "<group>"; };
		F4C204112508B64B00C79A9C /* Info.plist */ = {isa = PBXFileReference; lastKnownFileType = text.plist.xml; path = Info.plist; sourceTree = "<group>"; };
		F4C204172508C61600C79A9C /* StepData.swift */ = {isa = PBXFileReference; lastKnownFileType = sourcecode.swift; path = StepData.swift; sourceTree = "<group>"; };
/* End PBXFileReference section */

/* Begin PBXFrameworksBuildPhase section */
		F4C203FD2508B63800C79A9C /* Frameworks */ = {
			isa = PBXFrameworksBuildPhase;
			buildActionMask = 2147483647;
			files = (
				5FB3C8DFB1F80CCF6DDB005B /* Pods_Projekt_HDiSED.framework in Frameworks */,
			);
			runOnlyForDeploymentPostprocessing = 0;
		};
/* End PBXFrameworksBuildPhase section */

/* Begin PBXGroup section */
		19C27E0EBE68FE810678E360 /* Frameworks */ = {
			isa = PBXGroup;
			children = (
				3A54E175E9A120429F9C1458 /* Pods_Projekt_HDiSED.framework */,
			);
			name = Frameworks;
			sourceTree = "<group>";
		};
		C4B91D75CB4C557D5FC2A26D /* Pods */ = {
			isa = PBXGroup;
			children = (
				937FC795F9C625E6568F3D95 /* Pods-Projekt HDiSED.debug.xcconfig */,
				71B0A92A2FD54692D00CEABA /* Pods-Projekt HDiSED.release.xcconfig */,
			);
			path = Pods;
			sourceTree = "<group>";
		};
		F4C203F72508B63800C79A9C = {
			isa = PBXGroup;
			children = (
				F4C204022508B63800C79A9C /* Projekt HDiSED */,
				F4C204012508B63800C79A9C /* Products */,
				C4B91D75CB4C557D5FC2A26D /* Pods */,
				19C27E0EBE68FE810678E360 /* Frameworks */,
			);
			sourceTree = "<group>";
		};
		F4C204012508B63800C79A9C /* Products */ = {
			isa = PBXGroup;
			children = (
				F4C204002508B63800C79A9C /* Projekt HDiSED.app */,
			);
			name = Products;
			sourceTree = "<group>";
		};
		F4C204022508B63800C79A9C /* Projekt HDiSED */ = {
			isa = PBXGroup;
			children = (
				F4C204032508B63800C79A9C /* AppDelegate.swift */,
				F4C204052508B63800C79A9C /* SceneDelegate.swift */,
				F4C204072508B63800C79A9C /* ViewController.swift */,
				F4C204092508B63800C79A9C /* Main.storyboard */,
				F4C2040C2508B64A00C79A9C /* Assets.xcassets */,
				F4C2040E2508B64B00C79A9C /* LaunchScreen.storyboard */,
				F4C204112508B64B00C79A9C /* Info.plist */,
				F41B4201250A091D0098023C /* GoogleService-Info.plist */,
				F4C204172508C61600C79A9C /* StepData.swift */,
			);
			path = "Projekt HDiSED";
			sourceTree = "<group>";
		};
/* End PBXGroup section */

/* Begin PBXNativeTarget section */
		F4C203FF2508B63800C79A9C /* Projekt HDiSED */ = {
			isa = PBXNativeTarget;
			buildConfigurationList = F4C204142508B64B00C79A9C /* Build configuration list for PBXNativeTarget "Projekt HDiSED" */;
			buildPhases = (
				6569B1F0CA37FAC0193F0852 /* [CP] Check Pods Manifest.lock */,
				F4C203FC2508B63800C79A9C /* Sources */,
				F4C203FD2508B63800C79A9C /* Frameworks */,
				F4C203FE2508B63800C79A9C /* Resources */,
				7FB6C7902B46462473CC85A3 /* [CP] Embed Pods Frameworks */,
			);
			buildRules = (
			);
			dependencies = (
			);
			name = "Projekt HDiSED";
			productName = "Projekt HDiSED";
			productReference = F4C204002508B63800C79A9C /* Projekt HDiSED.app */;
			productType = "com.apple.product-type.application";
		};
/* End PBXNativeTarget section */

/* Begin PBXProject section */
		F4C203F82508B63800C79A9C /* Project object */ = {
			isa = PBXProject;
			attributes = {
				LastSwiftUpdateCheck = 1150;
				LastUpgradeCheck = 1150;
				ORGANIZATIONNAME = "Wojtek Krupowies i Mateusz Kula";
				TargetAttributes = {
					F4C203FF2508B63800C79A9C = {
						CreatedOnToolsVersion = 11.5;
					};
				};
			};
			buildConfigurationList = F4C203FB2508B63800C79A9C /* Build configuration list for PBXProject "Projekt HDiSED" */;
			compatibilityVersion = "Xcode 9.3";
			developmentRegion = en;
			hasScannedForEncodings = 0;
			knownRegions = (
				en,
				Base,
			);
			mainGroup = F4C203F72508B63800C79A9C;
			productRefGroup = F4C204012508B63800C79A9C /* Products */;
			projectDirPath = "";
			projectRoot = "";
			targets = (
				F4C203FF2508B63800C79A9C /* Projekt HDiSED */,
			);
		};
/* End PBXProject section */

/* Begin PBXResourcesBuildPhase section */
		F4C203FE2508B63800C79A9C /* Resources */ = {
			isa = PBXResourcesBuildPhase;
			buildActionMask = 2147483647;
			files = (
				F4C204102508B64B00C79A9C /* LaunchScreen.storyboard in Resources */,
				F41B4202250A091E0098023C /* GoogleService-Info.plist in Resources */,
				F4C2040D2508B64A00C79A9C /* Assets.xcassets in Resources */,
				F4C2040B2508B63800C79A9C /* Main.storyboard in Resources */,
			);
			runOnlyForDeploymentPostprocessing = 0;
		};
/* End PBXResourcesBuildPhase section */

/* Begin PBXShellScriptBuildPhase section */
		6569B1F0CA37FAC0193F0852 /* [CP] Check Pods Manifest.lock */ = {
			isa = PBXShellScriptBuildPhase;
			buildActionMask = 2147483647;
			files = (
			);
			inputFileListPaths = (
			);
			inputPaths = (
				"${PODS_PODFILE_DIR_PATH}/Podfile.lock",
				"${PODS_ROOT}/Manifest.lock",
			);
			name = "[CP] Check Pods Manifest.lock";
			outputFileListPaths = (
			);
			outputPaths = (
				"$(DERIVED_FILE_DIR)/Pods-Projekt HDiSED-checkManifestLockResult.txt",
			);
			runOnlyForDeploymentPostprocessing = 0;
			shellPath = /bin/sh;
			shellScript = "diff \"${PODS_PODFILE_DIR_PATH}/Podfile.lock\" \"${PODS_ROOT}/Manifest.lock\" > /dev/null\nif [ $? != 0 ] ; then\n    # print error to STDERR\n    echo \"error: The sandbox is not in sync with the Podfile.lock. Run 'pod install' or update your CocoaPods installation.\" >&2\n    exit 1\nfi\n# This output is used by Xcode 'outputs' to avoid re-running this script phase.\necho \"SUCCESS\" > \"${SCRIPT_OUTPUT_FILE_0}\"\n";
			showEnvVarsInLog = 0;
		};
		7FB6C7902B46462473CC85A3 /* [CP] Embed Pods Frameworks */ = {
			isa = PBXShellScriptBuildPhase;
			buildActionMask = 2147483647;
			files = (
			);
			inputFileListPaths = (
				"${PODS_ROOT}/Target Support Files/Pods-Projekt HDiSED/Pods-Projekt HDiSED-frameworks-${CONFIGURATION}-input-files.xcfilelist",
			);
			name = "[CP] Embed Pods Frameworks";
			outputFileListPaths = (
				"${PODS_ROOT}/Target Support Files/Pods-Projekt HDiSED/Pods-Projekt HDiSED-frameworks-${CONFIGURATION}-output-files.xcfilelist",
			);
			runOnlyForDeploymentPostprocessing = 0;
			shellPath = /bin/sh;
			shellScript = "\"${PODS_ROOT}/Target Support Files/Pods-Projekt HDiSED/Pods-Projekt HDiSED-frameworks.sh\"\n";
			showEnvVarsInLog = 0;
		};
/* End PBXShellScriptBuildPhase section */

/* Begin PBXSourcesBuildPhase section */
		F4C203FC2508B63800C79A9C /* Sources */ = {
			isa = PBXSourcesBuildPhase;
			buildActionMask = 2147483647;
			files = (
				F4C204082508B63800C79A9C /* ViewController.swift in Sources */,
				F4C204182508C61600C79A9C /* StepData.swift in Sources */,
				F4C204042508B63800C79A9C /* AppDelegate.swift in Sources */,
				F4C204062508B63800C79A9C /* SceneDelegate.swift in Sources */,
			);
			runOnlyForDeploymentPostprocessing = 0;
		};
/* End PBXSourcesBuildPhase section */

/* Begin PBXVariantGroup section */
		F4C204092508B63800C79A9C /* Main.storyboard */ = {
			isa = PBXVariantGroup;
			children = (
				F4C2040A2508B63800C79A9C /* Base */,
			);
			name = Main.storyboard;
			sourceTree = "<group>";
		};
		F4C2040E2508B64B00C79A9C /* LaunchScreen.storyboard */ = {
			isa = PBXVariantGroup;
			children = (
				F4C2040F2508B64B00C79A9C /* Base */,
			);
			name = LaunchScreen.storyboard;
			sourceTree = "<group>";
		};
/* End PBXVariantGroup section */

/* Begin XCBuildConfiguration section */
		F4C204122508B64B00C79A9C /* Debug */ = {
			isa = XCBuildConfiguration;
			buildSettings = {
				ALWAYS_SEARCH_USER_PATHS = NO;
				CLANG_ANALYZER_NONNULL = YES;
				CLANG_ANALYZER_NUMBER_OBJECT_CONVERSION = YES_AGGRESSIVE;
				CLANG_CXX_LANGUAGE_STANDARD = "gnu++14";
				CLANG_CXX_LIBRARY = "libc++";
				CLANG_ENABLE_MODULES = YES;
				CLANG_ENABLE_OBJC_ARC = YES;
				CLANG_ENABLE_OBJC_WEAK = YES;
				CLANG_WARN_BLOCK_CAPTURE_AUTORELEASING = YES;
				CLANG_WARN_BOOL_CONVERSION = YES;
				CLANG_WARN_COMMA = YES;
				CLANG_WARN_CONSTANT_CONVERSION = YES;
				CLANG_WARN_DEPRECATED_OBJC_IMPLEMENTATIONS = YES;
				CLANG_WARN_DIRECT_OBJC_ISA_USAGE = YES_ERROR;
				CLANG_WARN_DOCUMENTATION_COMMENTS = YES;
				CLANG_WARN_EMPTY_BODY = YES;
				CLANG_WARN_ENUM_CONVERSION = YES;
				CLANG_WARN_INFINITE_RECURSION = YES;
				CLANG_WARN_INT_CONVERSION = YES;
				CLANG_WARN_NON_LITERAL_NULL_CONVERSION = YES;
				CLANG_WARN_OBJC_IMPLICIT_RETAIN_SELF = YES;
				CLANG_WARN_OBJC_LITERAL_CONVERSION = YES;
				CLANG_WARN_OBJC_ROOT_CLASS = YES_ERROR;
				CLANG_WARN_RANGE_LOOP_ANALYSIS = YES;
				CLANG_WARN_STRICT_PROTOTYPES = YES;
				CLANG_WARN_SUSPICIOUS_MOVE = YES;
				CLANG_WARN_UNGUARDED_AVAILABILITY = YES_AGGRESSIVE;
				CLANG_WARN_UNREACHABLE_CODE = YES;
				CLANG_WARN__DUPLICATE_METHOD_MATCH = YES;
				COPY_PHASE_STRIP = NO;
				DEBUG_INFORMATION_FORMAT = dwarf;
				ENABLE_STRICT_OBJC_MSGSEND = YES;
				ENABLE_TESTABILITY = YES;
				GCC_C_LANGUAGE_STANDARD = gnu11;
				GCC_DYNAMIC_NO_PIC = NO;
				GCC_NO_COMMON_BLOCKS = YES;
				GCC_OPTIMIZATION_LEVEL = 0;
				GCC_PREPROCESSOR_DEFINITIONS = (
					"DEBUG=1",
					"$(inherited)",
				);
				GCC_WARN_64_TO_32_BIT_CONVERSION = YES;
				GCC_WARN_ABOUT_RETURN_TYPE = YES_ERROR;
				GCC_WARN_UNDECLARED_SELECTOR = YES;
				GCC_WARN_UNINITIALIZED_AUTOS = YES_AGGRESSIVE;
				GCC_WARN_UNUSED_FUNCTION = YES;
				GCC_WARN_UNUSED_VARIABLE = YES;
				IPHONEOS_DEPLOYMENT_TARGET = 13.5;
				MTL_ENABLE_DEBUG_INFO = INCLUDE_SOURCE;
				MTL_FAST_MATH = YES;
				ONLY_ACTIVE_ARCH = YES;
				SDKROOT = iphoneos;
				SWIFT_ACTIVE_COMPILATION_CONDITIONS = DEBUG;
				SWIFT_OPTIMIZATION_LEVEL = "-Onone";
			};
			name = Debug;
		};
		F4C204132508B64B00C79A9C /* Release */ = {
			isa = XCBuildConfiguration;
			buildSettings = {
				ALWAYS_SEARCH_USER_PATHS = NO;
				CLANG_ANALYZER_NONNULL = YES;
				CLANG_ANALYZER_NUMBER_OBJECT_CONVERSION = YES_AGGRESSIVE;
				CLANG_CXX_LANGUAGE_STANDARD = "gnu++14";
				CLANG_CXX_LIBRARY = "libc++";
				CLANG_ENABLE_MODULES = YES;
				CLANG_ENABLE_OBJC_ARC = YES;
				CLANG_ENABLE_OBJC_WEAK = YES;
				CLANG_WARN_BLOCK_CAPTURE_AUTORELEASING = YES;
				CLANG_WARN_BOOL_CONVERSION = YES;
				CLANG_WARN_COMMA = YES;
				CLANG_WARN_CONSTANT_CONVERSION = YES;
				CLANG_WARN_DEPRECATED_OBJC_IMPLEMENTATIONS = YES;
				CLANG_WARN_DIRECT_OBJC_ISA_USAGE = YES_ERROR;
				CLANG_WARN_DOCUMENTATION_COMMENTS = YES;
				CLANG_WARN_EMPTY_BODY = YES;
				CLANG_WARN_ENUM_CONVERSION = YES;
				CLANG_WARN_INFINITE_RECURSION = YES;
				CLANG_WARN_INT_CONVERSION = YES;
				CLANG_WARN_NON_LITERAL_NULL_CONVERSION = YES;
				CLANG_WARN_OBJC_IMPLICIT_RETAIN_SELF = YES;
				CLANG_WARN_OBJC_LITERAL_CONVERSION = YES;
				CLANG_WARN_OBJC_ROOT_CLASS = YES_ERROR;
				CLANG_WARN_RANGE_LOOP_ANALYSIS = YES;
				CLANG_WARN_STRICT_PROTOTYPES = YES;
				CLANG_WARN_SUSPICIOUS_MOVE = YES;
				CLANG_WARN_UNGUARDED_AVAILABILITY = YES_AGGRESSIVE;
				CLANG_WARN_UNREACHABLE_CODE = YES;
				CLANG_WARN__DUPLICATE_METHOD_MATCH = YES;
				COPY_PHASE_STRIP = NO;
				DEBUG_INFORMATION_FORMAT = "dwarf-with-dsym";
				ENABLE_NS_ASSERTIONS = NO;
				ENABLE_STRICT_OBJC_MSGSEND = YES;
				GCC_C_LANGUAGE_STANDARD = gnu11;
				GCC_NO_COMMON_BLOCKS = YES;
				GCC_WARN_64_TO_32_BIT_CONVERSION = YES;
				GCC_WARN_ABOUT_RETURN_TYPE = YES_ERROR;
				GCC_WARN_UNDECLARED_SELECTOR = YES;
				GCC_WARN_UNINITIALIZED_AUTOS = YES_AGGRESSIVE;
				GCC_WARN_UNUSED_FUNCTION = YES;
				GCC_WARN_UNUSED_VARIABLE = YES;
				IPHONEOS_DEPLOYMENT_TARGET = 13.5;
				MTL_ENABLE_DEBUG_INFO = NO;
				MTL_FAST_MATH = YES;
				SDKROOT = iphoneos;
				SWIFT_COMPILATION_MODE = wholemodule;
				SWIFT_OPTIMIZATION_LEVEL = "-O";
				VALIDATE_PRODUCT = YES;
			};
			name = Release;
		};
		F4C204152508B64B00C79A9C /* Debug */ = {
			isa = XCBuildConfiguration;
			baseConfigurationReference = 937FC795F9C625E6568F3D95 /* Pods-Projekt HDiSED.debug.xcconfig */;
			buildSettings = {
				ASSETCATALOG_COMPILER_APPICON_NAME = AppIcon;
				CODE_SIGN_STYLE = Automatic;
				DEVELOPMENT_TEAM = 9W636AZ5QY;
				INFOPLIST_FILE = "Projekt HDiSED/Info.plist";
				IPHONEOS_DEPLOYMENT_TARGET = 13.0;
				LD_RUNPATH_SEARCH_PATHS = (
					"$(inherited)",
					"@executable_path/Frameworks",
				);
				PRODUCT_BUNDLE_IDENTIFIER = "wojo.Projekt-HDiSED";
				PRODUCT_NAME = "$(TARGET_NAME)";
				SWIFT_VERSION = 5.0;
				TARGETED_DEVICE_FAMILY = 1;
			};
			name = Debug;
		};
		F4C204162508B64B00C79A9C /* Release */ = {
			isa = XCBuildConfiguration;
			baseConfigurationReference = 71B0A92A2FD54692D00CEABA /* Pods-Projekt HDiSED.release.xcconfig */;
			buildSettings = {
				ASSETCATALOG_COMPILER_APPICON_NAME = AppIcon;
				CODE_SIGN_STYLE = Automatic;
				DEVELOPMENT_TEAM = 9W636AZ5QY;
				INFOPLIST_FILE = "Projekt HDiSED/Info.plist";
				IPHONEOS_DEPLOYMENT_TARGET = 13.0;
				LD_RUNPATH_SEARCH_PATHS = (
					"$(inherited)",
					"@executable_path/Frameworks",
				);
				PRODUCT_BUNDLE_IDENTIFIER = "wojo.Projekt-HDiSED";
				PRODUCT_NAME = "$(TARGET_NAME)";
				SWIFT_VERSION = 5.0;
				TARGETED_DEVICE_FAMILY = 1;
			};
			name = Release;
		};
/* End XCBuildConfiguration section */

/* Begin XCConfigurationList section */
		F4C203FB2508B63800C79A9C /* Build configuration list for PBXProject "Projekt HDiSED" */ = {
			isa = XCConfigurationList;
			buildConfigurations = (
				F4C204122508B64B00C79A9C /* Debug */,
				F4C204132508B64B00C79A9C /* Release */,
			);
			defaultConfigurationIsVisible = 0;
			defaultConfigurationName = Release;
		};
		F4C204142508B64B00C79A9C /* Build configuration list for PBXNativeTarget "Projekt HDiSED" */ = {
			isa = XCConfigurationList;
			buildConfigurations = (
				F4C204152508B64B00C79A9C /* Debug */,
				F4C204162508B64B00C79A9C /* Release */,
			);
			defaultConfigurationIsVisible = 0;
			defaultConfigurationName = Release;
		};
/* End XCConfigurationList section */
	};
	rootObject = F4C203F82508B63800C79A9C /* Project object */;
}
